github.com/davecgh/go-spew v1.1.0 h1:ZDRjVQ15GmhC3fiQ8ni8+OwkZQO4DARzQgrnXU1Liz8=
github.com/davecgh/go-spew v1.1.0/go.mod h1:J7Y8YcW2NihsgmVo/mv3lAwl/skON4iLHjSsI+c5H38=
github.com/denisenkom/go-mssqldb v0.10.0 h1:QykgLZBorFE95+gO3u9esLd0BmbvpWp0/waNNZfHBM8=
github.com/denisenkom/go-mssqldb v0.10.0/go.mod h1:xbL0rPBG9cCiLr28tMa8zpbdarY27NDyej4t/EjAShU=
github.com/golang-sql/civil v0.0.0-20190719163853-cb61b32ac6fe h1:lXe2qZdvpiX5WZkZR4hgp4KJVfY3nMkvmwbVkpv1rVY=
github.com/golang-sql/civil v0.0.0-20190719163853-cb61b32ac6fe/go.mod h1:8vg3r2VgvsThLBIFL93Qb5yWzgyZWhEmBwUJWevAkK0=
github.com/oartemyev/ParseDBA v0.0.0-20210723084512-e28e2b9730b3 h1:tbnY1lFtfi45T4uNBO3tFB+b4Bl7TCSuHsWADpj97Ko=
github.com/oartemyev/ParseDBA v0.0.0-20210723084512-e28e2b9730b3/go.mod h1:9sg2Ona5n8bgr8TQ3ukDRk4nSqV3tMa1adeWRIGcl8U=
github.com/oartemyev/ParseDBA v0.0.0-20210728103244-488d2b891f11 h1:cQKJmRywN0qmWl7We7NTMmRmEc4fGX/X+Qe+UV0tXdw=
github.com/oartemyev/ParseDBA v0.0.0-20210728103244-488d2b891f11/go.mod h1:9sg2Ona5n8bgr8TQ3ukDRk4nSqV3tMa1adeWRIGcl8U=
github.com/oartemyev/ParseDBA v0.0.0-20210824133507-3af91e87932d h1:Nvv+5MdCTJ4MNTXVmWbr7It7OVfB4kjH2HgPedXFiew=
github.com/oartemyev/ParseDBA v0.0.0-20210824133507-3af91e87932d/go.mod h1:9sg2Ona5n8bgr8TQ3ukDRk4nSqV3tMa1adeWRIGcl8U=
github.com/pmezard/go-difflib v1.0.0 h1:4DBwDE0NGyQoBHbLQYPwSUPoCMWR5BEzIk/f1lZbAQM=
github.com/pmezard/go-difflib v1.0.0/go.mod h1:iKH77koFhYxTK1pcRnkKkqfTogsbg7gZNVY4sRDYZ/4=
github.com/softlandia/cpd v0.0.0-20210117083209-2413526f2815 h1:TbZ+NyG8j1iSU1Ge9waOE8yxaSeXtYtHn3nbu+parlU=
github.com/softlandia/cpd v0.0.0-20210117083209-2413526f2815/go.mod h1:4xzl60B5TMDBovCvsljWkbj8rmhUNR02EQJEuk9JsfY=
github.com/stretchr/objx v0.1.0/go.mod h1:HFkY916IF+rwdDfMAkV7OtwuqBVzrE8GR6GFx+wExME=
github.com/stretchr/testify v1.7.0 h1:nwc3DEeHmmLAfoZucVR881uASk0Mfjw8xYJ99tb5CcY=
github.com/stretchr/testify v1.7.0/go.mod h1:6Fq8oRcR53rry900zMqJjRRixrwX3KX962/h/Wwjteg=
golang.org/x/crypto v0.0.0-20190325154230-a5d413f7728c h1:Vj5n4GlwjmQteupaxJ9+0FNOmBrHfq7vN4btdGoDZgI=
golang.org/x/crypto v0.0.0-20190325154230-a5d413f7728c/go.mod h1:djNgcEr1/C05ACkg1iLfiJU5Ep61QUkGW8qpdssI0+w=
golang.org/x/sys v0.0.0-20190215142949-d0b11bdaac8a/go.mod h1:STP8DvDyc/dI5b8T5hshtkjS+E42TnysNCUPdjciGhY=
golang.org/x/text v0.3.6 h1:aRYxNxv6iGQlyVaZmk6ZgYEDa+Jg18DxebPSrd6bg1M=
golang.org/x/text v0.3.6/go.mod h1:5Zoc/QRtKVWzQhOtBMvqHzDpF6irO9z98xDceosuGiQ=
golang.org/x/tools v0.0.0-20180917221912-90fa682c2a6e/go.mod h1:n7NCudcB/nEzxVGmLbDWY5pfWTLqBcC2KZ6jyYvM4mQ=
gopkg.in/check.v1 v0.0.0-20161208181325-20d25e280405/go.mod h1:Co6ibVJAznAaIkqp8huTwlJQCZ016jof/cbN4VW5Yz0=
gopkg.in/yaml.v3 v3.0.0-20200313102051-9f266ea9e77c h1:dUUwHk2QECo/6vqA44rthZ8ie2QXMNeKRTHCNY2nXvo=
gopkg.in/yaml.v3 v3.0.0-20200313102051-9f266ea9e77c/go.mod h1:K4uyk7z7BCEPqu6E+C64Yfv1cQ7kz7rIZviUmN+EgEM=
